// !$*UTF8*$!
{
	archiveVersion = 1;
	classes = {
	};
	objectVersion = 77;
	objects = {

/* Begin PBXContainerItemProxy section */
		31AEC8992DFA9F02005A0628 /* PBXContainerItemProxy */ = {
			isa = PBXContainerItemProxy;
			containerPortal = 31AEC87A2DFA9F00005A0628 /* Project object */;
			proxyType = 1;
			remoteGlobalIDString = 31AEC8812DFA9F00005A0628;
			remoteInfo = Triplog;
		};
		31AEC8A32DFA9F02005A0628 /* PBXContainerItemProxy */ = {
			isa = PBXContainerItemProxy;
			containerPortal = 31AEC87A2DFA9F00005A0628 /* Project object */;
			proxyType = 1;
			remoteGlobalIDString = 31AEC8812DFA9F00005A0628;
			remoteInfo = Triplog;
		};
/* End PBXContainerItemProxy section */

/* Begin PBXFileReference section */
		31AEC8822DFA9F00005A0628 /* Triplog.app */ = {isa = PBXFileReference; explicitFileType = wrapper.application; includeInIndex = 0; path = Triplog.app; sourceTree = BUILT_PRODUCTS_DIR; };
		31AEC8982DFA9F02005A0628 /* TriplogTests.xctest */ = {isa = PBXFileReference; explicitFileType = wrapper.cfbundle; includeInIndex = 0; path = TriplogTests.xctest; sourceTree = BUILT_PRODUCTS_DIR; };
		31AEC8A22DFA9F02005A0628 /* TriplogUITests.xctest */ = {isa = PBXFileReference; explicitFileType = wrapper.cfbundle; includeInIndex = 0; path = TriplogUITests.xctest; sourceTree = BUILT_PRODUCTS_DIR; };
/* End PBXFileReference section */

/* Begin PBXFileSystemSynchronizedBuildFileExceptionSet section */
		31AEC8AA2DFA9F02005A0628 /* Exceptions for "Triplog" folder in "Triplog" target */ = {
			isa = PBXFileSystemSynchronizedBuildFileExceptionSet;
			membershipExceptions = (
				Info.plist,
			);
			target = 31AEC8812DFA9F00005A0628 /* Triplog */;
		};
/* End PBXFileSystemSynchronizedBuildFileExceptionSet section */

/* Begin PBXFileSystemSynchronizedRootGroup section */
		31AEC8842DFA9F00005A0628 /* Triplog */ = {
			isa = PBXFileSystemSynchronizedRootGroup;
			exceptions = (
				31AEC8AA2DFA9F02005A0628 /* Exceptions for "Triplog" folder in "Triplog" target */,
			);
			path = Triplog;
			sourceTree = "<group>";
		};
		31AEC89B2DFA9F02005A0628 /* TriplogTests */ = {
			isa = PBXFileSystemSynchronizedRootGroup;
			path = TriplogTests;
			sourceTree = "<group>";
		};
		31AEC8A52DFA9F02005A0628 /* TriplogUITests */ = {
			isa = PBXFileSystemSynchronizedRootGroup;
			path = TriplogUITests;
			sourceTree = "<group>";
		};
/* End PBXFileSystemSynchronizedRootGroup section */

/* Begin PBXFrameworksBuildPhase section */
		31AEC87F2DFA9F00005A0628 /* Frameworks */ = {
			isa = PBXFrameworksBuildPhase;
			buildActionMask = 2147483647;
			files = (
			);
			runOnlyForDeploymentPostprocessing = 0;
		};
		31AEC8952DFA9F02005A0628 /* Frameworks */ = {
			isa = PBXFrameworksBuildPhase;
			buildActionMask = 2147483647;
			files = (
			);
			runOnlyForDeploymentPostprocessing = 0;
		};
		31AEC89F2DFA9F02005A0628 /* Frameworks */ = {
			isa = PBXFrameworksBuildPhase;
			buildActionMask = 2147483647;
			files = (
			);
			runOnlyForDeploymentPostprocessing = 0;
		};
/* End PBXFrameworksBuildPhase section */

/* Begin PBXGroup section */
		31AEC8792DFA9F00005A0628 = {
			isa = PBXGroup;
			children = (
				31AEC8842DFA9F00005A0628 /* Triplog */,
				31AEC89B2DFA9F02005A0628 /* TriplogTests */,
				31AEC8A52DFA9F02005A0628 /* TriplogUITests */,
				31AEC8832DFA9F00005A0628 /* Products */,
			);
			sourceTree = "<group>";
		};
		31AEC8832DFA9F00005A0628 /* Products */ = {
			isa = PBXGroup;
			children = (
				31AEC8822DFA9F00005A0628 /* Triplog.app */,
				31AEC8982DFA9F02005A0628 /* TriplogTests.xctest */,
				31AEC8A22DFA9F02005A0628 /* TriplogUITests.xctest */,
			);
			name = Products;
			sourceTree = "<group>";
		};
/* End PBXGroup section */

/* Begin PBXNativeTarget section */
		31AEC8812DFA9F00005A0628 /* Triplog */ = {
			isa = PBXNativeTarget;
			buildConfigurationList = 31AEC8AB2DFA9F02005A0628 /* Build configuration list for PBXNativeTarget "Triplog" */;
			buildPhases = (
				31AEC87E2DFA9F00005A0628 /* Sources */,
				31AEC87F2DFA9F00005A0628 /* Frameworks */,
				31AEC8802DFA9F00005A0628 /* Resources */,
			);
			buildRules = (
			);
			dependencies = (
			);
			fileSystemSynchronizedGroups = (
				31AEC8842DFA9F00005A0628 /* Triplog */,
			);
			name = Triplog;
			packageProductDependencies = (
			);
			productName = Triplog;
			productReference = 31AEC8822DFA9F00005A0628 /* Triplog.app */;
			productType = "com.apple.product-type.application";
		};
		31AEC8972DFA9F02005A0628 /* TriplogTests */ = {
			isa = PBXNativeTarget;
			buildConfigurationList = 31AEC8B02DFA9F02005A0628 /* Build configuration list for PBXNativeTarget "TriplogTests" */;
			buildPhases = (
				31AEC8942DFA9F02005A0628 /* Sources */,
				31AEC8952DFA9F02005A0628 /* Frameworks */,
				31AEC8962DFA9F02005A0628 /* Resources */,
			);
			buildRules = (
			);
			dependencies = (
				31AEC89A2DFA9F02005A0628 /* PBXTargetDependency */,
			);
			fileSystemSynchronizedGroups = (
				31AEC89B2DFA9F02005A0628 /* TriplogTests */,
			);
			name = TriplogTests;
			packageProductDependencies = (
			);
			productName = TriplogTests;
			productReference = 31AEC8982DFA9F02005A0628 /* TriplogTests.xctest */;
			productType = "com.apple.product-type.bundle.unit-test";
		};
		31AEC8A12DFA9F02005A0628 /* TriplogUITests */ = {
			isa = PBXNativeTarget;
			buildConfigurationList = 31AEC8B32DFA9F02005A0628 /* Build configuration list for PBXNativeTarget "TriplogUITests" */;
			buildPhases = (
				31AEC89E2DFA9F02005A0628 /* Sources */,
				31AEC89F2DFA9F02005A0628 /* Frameworks */,
				31AEC8A02DFA9F02005A0628 /* Resources */,
			);
			buildRules = (
			);
			dependencies = (
				31AEC8A42DFA9F02005A0628 /* PBXTargetDependency */,
			);
			fileSystemSynchronizedGroups = (
				31AEC8A52DFA9F02005A0628 /* TriplogUITests */,
			);
			name = TriplogUITests;
			packageProductDependencies = (
			);
			productName = TriplogUITests;
			productReference = 31AEC8A22DFA9F02005A0628 /* TriplogUITests.xctest */;
			productType = "com.apple.product-type.bundle.ui-testing";
		};
/* End PBXNativeTarget section */

/* Begin PBXProject section */
		31AEC87A2DFA9F00005A0628 /* Project object */ = {
			isa = PBXProject;
			attributes = {
				BuildIndependentTargetsInParallel = 1;
				LastSwiftUpdateCheck = 1620;
				LastUpgradeCheck = 1620;
				TargetAttributes = {
					31AEC8812DFA9F00005A0628 = {
						CreatedOnToolsVersion = 16.2;
					};
					31AEC8972DFA9F02005A0628 = {
						CreatedOnToolsVersion = 16.2;
						TestTargetID = 31AEC8812DFA9F00005A0628;
					};
					31AEC8A12DFA9F02005A0628 = {
						CreatedOnToolsVersion = 16.2;
						TestTargetID = 31AEC8812DFA9F00005A0628;
					};
				};
			};
			buildConfigurationList = 31AEC87D2DFA9F00005A0628 /* Build configuration list for PBXProject "Triplog" */;
			developmentRegion = en;
			hasScannedForEncodings = 0;
			knownRegions = (
				en,
				Base,
			);
			mainGroup = 31AEC8792DFA9F00005A0628;
			minimizedProjectReferenceProxies = 1;
			preferredProjectObjectVersion = 77;
			productRefGroup = 31AEC8832DFA9F00005A0628 /* Products */;
			projectDirPath = "";
			projectRoot = "";
			targets = (
				31AEC8812DFA9F00005A0628 /* Triplog */,
				31AEC8972DFA9F02005A0628 /* TriplogTests */,
				31AEC8A12DFA9F02005A0628 /* TriplogUITests */,
			);
		};
/* End PBXProject section */

/* Begin PBXResourcesBuildPhase section */
		31AEC8802DFA9F00005A0628 /* Resources */ = {
			isa = PBXResourcesBuildPhase;
			buildActionMask = 2147483647;
			files = (
			);
			runOnlyForDeploymentPostprocessing = 0;
		};
		31AEC8962DFA9F02005A0628 /* Resources */ = {
			isa = PBXResourcesBuildPhase;
			buildActionMask = 2147483647;
			files = (
			);
			runOnlyForDeploymentPostprocessing = 0;
		};
		31AEC8A02DFA9F02005A0628 /* Resources */ = {
			isa = PBXResourcesBuildPhase;
			buildActionMask = 2147483647;
			files = (
			);
			runOnlyForDeploymentPostprocessing = 0;
		};
/* End PBXResourcesBuildPhase section */

/* Begin PBXSourcesBuildPhase section */
		31AEC87E2DFA9F00005A0628 /* Sources */ = {
			isa = PBXSourcesBuildPhase;
			buildActionMask = 2147483647;
			files = (
			);
			runOnlyForDeploymentPostprocessing = 0;
		};
		31AEC8942DFA9F02005A0628 /* Sources */ = {
			isa = PBXSourcesBuildPhase;
			buildActionMask = 2147483647;
			files = (
			);
			runOnlyForDeploymentPostprocessing = 0;
		};
		31AEC89E2DFA9F02005A0628 /* Sources */ = {
			isa = PBXSourcesBuildPhase;
			buildActionMask = 2147483647;
			files = (
			);
			runOnlyForDeploymentPostprocessing = 0;
		};
/* End PBXSourcesBuildPhase section */

/* Begin PBXTargetDependency section */
		31AEC89A2DFA9F02005A0628 /* PBXTargetDependency */ = {
			isa = PBXTargetDependency;
			target = 31AEC8812DFA9F00005A0628 /* Triplog */;
			targetProxy = 31AEC8992DFA9F02005A0628 /* PBXContainerItemProxy */;
		};
		31AEC8A42DFA9F02005A0628 /* PBXTargetDependency */ = {
			isa = PBXTargetDependency;
			target = 31AEC8812DFA9F00005A0628 /* Triplog */;
			targetProxy = 31AEC8A32DFA9F02005A0628 /* PBXContainerItemProxy */;
		};
/* End PBXTargetDependency section */

/* Begin XCBuildConfiguration section */
		31AEC8AC2DFA9F02005A0628 /* Debug */ = {
			isa = XCBuildConfiguration;
			buildSettings = {
				ASSETCATALOG_COMPILER_APPICON_NAME = AppIcon;
				ASSETCATALOG_COMPILER_GLOBAL_ACCENT_COLOR_NAME = AccentColor;
				CODE_SIGN_STYLE = Automatic;
				CURRENT_PROJECT_VERSION = 1;
				GENERATE_INFOPLIST_FILE = YES;
				INFOPLIST_FILE = Triplog/Info.plist;
				INFOPLIST_KEY_UIApplicationSupportsIndirectInputEvents = YES;
				INFOPLIST_KEY_UILaunchStoryboardName = LaunchScreen;
				INFOPLIST_KEY_UIMainStoryboardFile = Main;
				INFOPLIST_KEY_UISupportedInterfaceOrientations_iPad = "UIInterfaceOrientationPortrait UIInterfaceOrientationPortraitUpsideDown UIInterfaceOrientationLandscapeLeft UIInterfaceOrientationLandscapeRight";
				INFOPLIST_KEY_UISupportedInterfaceOrientations_iPhone = "UIInterfaceOrientationPortrait UIInterfaceOrientationLandscapeLeft UIInterfaceOrientationLandscapeRight";
				LD_RUNPATH_SEARCH_PATHS = (
					"$(inherited)",
					"@executable_path/Frameworks",
				);
				MARKETING_VERSION = 1.0;
				PRODUCT_BUNDLE_IDENTIFIER = subin.Triplog;
				PRODUCT_NAME = "$(TARGET_NAME)";
				SWIFT_EMIT_LOC_STRINGS = YES;
				SWIFT_VERSION = 5.0;
				TARGETED_DEVICE_FAMILY = "1,2";
			};
			name = Debug;
		};
		31AEC8AD2DFA9F02005A0628 /* Release */ = {
			isa = XCBuildConfiguration;
			buildSettings = {
				ASSETCATALOG_COMPILER_APPICON_NAME = AppIcon;
				ASSETCATALOG_COMPILER_GLOBAL_ACCENT_COLOR_NAME = AccentColor;
				CODE_SIGN_STYLE = Automatic;
				CURRENT_PROJECT_VERSION = 1;
				GENERATE_INFOPLIST_FILE = YES;
				INFOPLIST_FILE = Triplog/Info.plist;
				INFOPLIST_KEY_UIApplicationSupportsIndirectInputEvents = YES;
				INFOPLIST_KEY_UILaunchStoryboardName = LaunchScreen;
				INFOPLIST_KEY_UIMainStoryboardFile = Main;
				INFOPLIST_KEY_UISupportedInterfaceOrientations_iPad = "UIInterfaceOrientationPortrait UIInterfaceOrientationPortraitUpsideDown UIInterfaceOrientationLandscapeLeft UIInterfaceOrientationLandscapeRight";
				INFOPLIST_KEY_UISupportedInterfaceOrientations_iPhone = "UIInterfaceOrientationPortrait UIInterfaceOrientationLandscapeLeft UIInterfaceOrientationLandscapeRight";
				LD_RUNPATH_SEARCH_PATHS = (
					"$(inherited)",
					"@executable_path/Frameworks",
				);
				MARKETING_VERSION = 1.0;
				PRODUCT_BUNDLE_IDENTIFIER = subin.Triplog;
				PRODUCT_NAME = "$(TARGET_NAME)";
				SWIFT_EMIT_LOC_STRINGS = YES;
				SWIFT_VERSION = 5.0;
				TARGETED_DEVICE_FAMILY = "1,2";
			};
			name = Release;
		};
		31AEC8AE2DFA9F02005A0628 /* Debug */ = {
			isa = XCBuildConfiguration;
			buildSettings = {
				ALWAYS_SEARCH_USER_PATHS = NO;
				ASSETCATALOG_COMPILER_GENERATE_SWIFT_ASSET_SYMBOL_EXTENSIONS = YES;
				CLANG_ANALYZER_NONNULL = YES;
				CLANG_ANALYZER_NUMBER_OBJECT_CONVERSION = YES_AGGRESSIVE;
				CLANG_CXX_LANGUAGE_STANDARD = "gnu++20";
				CLANG_ENABLE_MODULES = YES;
				CLANG_ENABLE_OBJC_ARC = YES;
				CLANG_ENABLE_OBJC_WEAK = YES;
				CLANG_WARN_BLOCK_CAPTURE_AUTORELEASING = YES;
				CLANG_WARN_BOOL_CONVERSION = YES;
				CLANG_WARN_COMMA = YES;
				CLANG_WARN_CONSTANT_CONVERSION = YES;
				CLANG_WARN_DEPRECATED_OBJC_IMPLEMENTATIONS = YES;
				CLANG_WARN_DIRECT_OBJC_ISA_USAGE = YES_ERROR;
				CLANG_WARN_DOCUMENTATION_COMMENTS = YES;
				CLANG_WARN_EMPTY_BODY = YES;
				CLANG_WARN_ENUM_CONVERSION = YES;
				CLANG_WARN_INFINITE_RECURSION = YES;
				CLANG_WARN_INT_CONVERSION = YES;
				CLANG_WARN_NON_LITERAL_NULL_CONVERSION = YES;
				CLANG_WARN_OBJC_IMPLICIT_RETAIN_SELF = YES;
				CLANG_WARN_OBJC_LITERAL_CONVERSION = YES;
				CLANG_WARN_OBJC_ROOT_CLASS = YES_ERROR;
				CLANG_WARN_QUOTED_INCLUDE_IN_FRAMEWORK_HEADER = YES;
				CLANG_WARN_RANGE_LOOP_ANALYSIS = YES;
				CLANG_WARN_STRICT_PROTOTYPES = YES;
				CLANG_WARN_SUSPICIOUS_MOVE = YES;
				CLANG_WARN_UNGUARDED_AVAILABILITY = YES_AGGRESSIVE;
				CLANG_WARN_UNREACHABLE_CODE = YES;
				CLANG_WARN__DUPLICATE_METHOD_MATCH = YES;
				COPY_PHASE_STRIP = NO;
				DEBUG_INFORMATION_FORMAT = dwarf;
				ENABLE_STRICT_OBJC_MSGSEND = YES;
				ENABLE_TESTABILITY = YES;
				ENABLE_USER_SCRIPT_SANDBOXING = YES;
				GCC_C_LANGUAGE_STANDARD = gnu17;
				GCC_DYNAMIC_NO_PIC = NO;
				GCC_NO_COMMON_BLOCKS = YES;
				GCC_OPTIMIZATION_LEVEL = 0;
				GCC_PREPROCESSOR_DEFINITIONS = (
					"DEBUG=1",
					"$(inherited)",
				);
				GCC_WARN_64_TO_32_BIT_CONVERSION = YES;
				GCC_WARN_ABOUT_RETURN_TYPE = YES_ERROR;
				GCC_WARN_UNDECLARED_SELECTOR = YES;
				GCC_WARN_UNINITIALIZED_AUTOS = YES_AGGRESSIVE;
				GCC_WARN_UNUSED_FUNCTION = YES;
				GCC_WARN_UNUSED_VARIABLE = YES;
				IPHONEOS_DEPLOYMENT_TARGET = 18.2;
				LOCALIZATION_PREFERS_STRING_CATALOGS = YES;
				MTL_ENABLE_DEBUG_INFO = INCLUDE_SOURCE;
				MTL_FAST_MATH = YES;
				ONLY_ACTIVE_ARCH = YES;
				SDKROOT = iphoneos;
				SWIFT_ACTIVE_COMPILATION_CONDITIONS = "DEBUG $(inherited)";
				SWIFT_OPTIMIZATION_LEVEL = "-Onone";
			};
			name = Debug;
		};
		31AEC8AF2DFA9F02005A0628 /* Release */ = {
			isa = XCBuildConfiguration;
			buildSettings = {
				ALWAYS_SEARCH_USER_PATHS = NO;
				ASSETCATALOG_COMPILER_GENERATE_SWIFT_ASSET_SYMBOL_EXTENSIONS = YES;
				CLANG_ANALYZER_NONNULL = YES;
				CLANG_ANALYZER_NUMBER_OBJECT_CONVERSION = YES_AGGRESSIVE;
				CLANG_CXX_LANGUAGE_STANDARD = "gnu++20";
				CLANG_ENABLE_MODULES = YES;
				CLANG_ENABLE_OBJC_ARC = YES;
				CLANG_ENABLE_OBJC_WEAK = YES;
				CLANG_WARN_BLOCK_CAPTURE_AUTORELEASING = YES;
				CLANG_WARN_BOOL_CONVERSION = YES;
				CLANG_WARN_COMMA = YES;
				CLANG_WARN_CONSTANT_CONVERSION = YES;
				CLANG_WARN_DEPRECATED_OBJC_IMPLEMENTATIONS = YES;
				CLANG_WARN_DIRECT_OBJC_ISA_USAGE = YES_ERROR;
				CLANG_WARN_DOCUMENTATION_COMMENTS = YES;
				CLANG_WARN_EMPTY_BODY = YES;
				CLANG_WARN_ENUM_CONVERSION = YES;
				CLANG_WARN_INFINITE_RECURSION = YES;
				CLANG_WARN_INT_CONVERSION = YES;
				CLANG_WARN_NON_LITERAL_NULL_CONVERSION = YES;
				CLANG_WARN_OBJC_IMPLICIT_RETAIN_SELF = YES;
				CLANG_WARN_OBJC_LITERAL_CONVERSION = YES;
				CLANG_WARN_OBJC_ROOT_CLASS = YES_ERROR;
				CLANG_WARN_QUOTED_INCLUDE_IN_FRAMEWORK_HEADER = YES;
				CLANG_WARN_RANGE_LOOP_ANALYSIS = YES;
				CLANG_WARN_STRICT_PROTOTYPES = YES;
				CLANG_WARN_SUSPICIOUS_MOVE = YES;
				CLANG_WARN_UNGUARDED_AVAILABILITY = YES_AGGRESSIVE;
				CLANG_WARN_UNREACHABLE_CODE = YES;
				CLANG_WARN__DUPLICATE_METHOD_MATCH = YES;
				COPY_PHASE_STRIP = NO;
				DEBUG_INFORMATION_FORMAT = "dwarf-with-dsym";
				ENABLE_NS_ASSERTIONS = NO;
				ENABLE_STRICT_OBJC_MSGSEND = YES;
				ENABLE_USER_SCRIPT_SANDBOXING = YES;
				GCC_C_LANGUAGE_STANDARD = gnu17;
				GCC_NO_COMMON_BLOCKS = YES;
				GCC_WARN_64_TO_32_BIT_CONVERSION = YES;
				GCC_WARN_ABOUT_RETURN_TYPE = YES_ERROR;
				GCC_WARN_UNDECLARED_SELECTOR = YES;
				GCC_WARN_UNINITIALIZED_AUTOS = YES_AGGRESSIVE;
				GCC_WARN_UNUSED_FUNCTION = YES;
				GCC_WARN_UNUSED_VARIABLE = YES;
				IPHONEOS_DEPLOYMENT_TARGET = 18.2;
				LOCALIZATION_PREFERS_STRING_CATALOGS = YES;
				MTL_ENABLE_DEBUG_INFO = NO;
				MTL_FAST_MATH = YES;
				SDKROOT = iphoneos;
				SWIFT_COMPILATION_MODE = wholemodule;
				VALIDATE_PRODUCT = YES;
			};
			name = Release;
		};
		31AEC8B12DFA9F02005A0628 /* Debug */ = {
			isa = XCBuildConfiguration;
			buildSettings = {
				BUNDLE_LOADER = "$(TEST_HOST)";
				CODE_SIGN_STYLE = Automatic;
				CURRENT_PROJECT_VERSION = 1;
				GENERATE_INFOPLIST_FILE = YES;
				IPHONEOS_DEPLOYMENT_TARGET = 18.2;
				MARKETING_VERSION = 1.0;
				PRODUCT_BUNDLE_IDENTIFIER = subin.TriplogTests;
				PRODUCT_NAME = "$(TARGET_NAME)";
				SWIFT_EMIT_LOC_STRINGS = NO;
				SWIFT_VERSION = 5.0;
				TARGETED_DEVICE_FAMILY = "1,2";
				TEST_HOST = "$(BUILT_PRODUCTS_DIR)/Triplog.app/$(BUNDLE_EXECUTABLE_FOLDER_PATH)/Triplog";
			};
			name = Debug;
		};
		31AEC8B22DFA9F02005A0628 /* Release */ = {
			isa = XCBuildConfiguration;
			buildSettings = {
				BUNDLE_LOADER = "$(TEST_HOST)";
				CODE_SIGN_STYLE = Automatic;
				CURRENT_PROJECT_VERSION = 1;
				GENERATE_INFOPLIST_FILE = YES;
				IPHONEOS_DEPLOYMENT_TARGET = 18.2;
				MARKETING_VERSION = 1.0;
				PRODUCT_BUNDLE_IDENTIFIER = subin.TriplogTests;
				PRODUCT_NAME = "$(TARGET_NAME)";
				SWIFT_EMIT_LOC_STRINGS = NO;
				SWIFT_VERSION = 5.0;
				TARGETED_DEVICE_FAMILY = "1,2";
				TEST_HOST = "$(BUILT_PRODUCTS_DIR)/Triplog.app/$(BUNDLE_EXECUTABLE_FOLDER_PATH)/Triplog";
			};
			name = Release;
		};
		31AEC8B42DFA9F02005A0628 /* Debug */ = {
			isa = XCBuildConfiguration;
			buildSettings = {
				CODE_SIGN_STYLE = Automatic;
				CURRENT_PROJECT_VERSION = 1;
				GENERATE_INFOPLIST_FILE = YES;
				MARKETING_VERSION = 1.0;
				PRODUCT_BUNDLE_IDENTIFIER = subin.TriplogUITests;
				PRODUCT_NAME = "$(TARGET_NAME)";
				SWIFT_EMIT_LOC_STRINGS = NO;
				SWIFT_VERSION = 5.0;
				TARGETED_DEVICE_FAMILY = "1,2";
				TEST_TARGET_NAME = Triplog;
			};
			name = Debug;
		};
		31AEC8B52DFA9F02005A0628 /* Release */ = {
			isa = XCBuildConfiguration;
			buildSettings = {
				CODE_SIGN_STYLE = Automatic;
				CURRENT_PROJECT_VERSION = 1;
				GENERATE_INFOPLIST_FILE = YES;
				MARKETING_VERSION = 1.0;
				PRODUCT_BUNDLE_IDENTIFIER = subin.TriplogUITests;
				PRODUCT_NAME = "$(TARGET_NAME)";
				SWIFT_EMIT_LOC_STRINGS = NO;
				SWIFT_VERSION = 5.0;
				TARGETED_DEVICE_FAMILY = "1,2";
				TEST_TARGET_NAME = Triplog;
			};
			name = Release;
		};
/* End XCBuildConfiguration section */

/* Begin XCConfigurationList section */
		31AEC87D2DFA9F00005A0628 /* Build configuration list for PBXProject "Triplog" */ = {
			isa = XCConfigurationList;
			buildConfigurations = (
				31AEC8AE2DFA9F02005A0628 /* Debug */,
				31AEC8AF2DFA9F02005A0628 /* Release */,
			);
			defaultConfigurationIsVisible = 0;
			defaultConfigurationName = Release;
		};
		31AEC8AB2DFA9F02005A0628 /* Build configuration list for PBXNativeTarget "Triplog" */ = {
			isa = XCConfigurationList;
			buildConfigurations = (
				31AEC8AC2DFA9F02005A0628 /* Debug */,
				31AEC8AD2DFA9F02005A0628 /* Release */,
			);
			defaultConfigurationIsVisible = 0;
			defaultConfigurationName = Release;
		};
		31AEC8B02DFA9F02005A0628 /* Build configuration list for PBXNativeTarget "TriplogTests" */ = {
			isa = XCConfigurationList;
			buildConfigurations = (
				31AEC8B12DFA9F02005A0628 /* Debug */,
				31AEC8B22DFA9F02005A0628 /* Release */,
			);
			defaultConfigurationIsVisible = 0;
			defaultConfigurationName = Release;
		};
		31AEC8B32DFA9F02005A0628 /* Build configuration list for PBXNativeTarget "TriplogUITests" */ = {
			isa = XCConfigurationList;
			buildConfigurations = (
				31AEC8B42DFA9F02005A0628 /* Debug */,
				31AEC8B52DFA9F02005A0628 /* Release */,
			);
			defaultConfigurationIsVisible = 0;
			defaultConfigurationName = Release;
		};
/* End XCConfigurationList section */
	};
	rootObject = 31AEC87A2DFA9F00005A0628 /* Project object */;
}
